
Microsoft Visual Studio Solution File, Format Version 12.00
# Visual Studio Version 17
VisualStudioVersion = 17.7.34024.191
MinimumVisualStudioVersion = 10.0.40219.1
Project("{FAE04EC0-301F-11D3-BF4B-00C04F79EFBC}") = "getTEST", "getTEST\getTEST.csproj", "{B29CD9EC-173B-4CB7-BA8D-D04066DD96D2}"
EndProject
Global
	GlobalSection(SolutionConfigurationPlatforms) = preSolution
		Debug|Any CPU = Debug|Any CPU
		Release|Any CPU = Release|Any CPU
	EndGlobalSection
	GlobalSection(ProjectConfigurationPlatforms) = postSolution
		{B29CD9EC-173B-4CB7-BA8D-D04066DD96D2}.Debug|Any CPU.ActiveCfg = Debug|Any CPU
		{B29CD9EC-173B-4CB7-BA8D-D04066DD96D2}.Debug|Any CPU.Build.0 = Debug|Any CPU
		{B29CD9EC-173B-4CB7-BA8D-D04066DD96D2}.Release|Any CPU.ActiveCfg = Release|Any CPU
		{B29CD9EC-173B-4CB7-BA8D-D04066DD96D2}.Release|Any CPU.Build.0 = Release|Any CPU
	EndGlobalSection
	GlobalSection(SolutionProperties) = preSolution
		HideSolutionNode = FALSE
	EndGlobalSection
	GlobalSection(ExtensibilityGlobals) = postSolution
		SolutionGuid = {AA46B799-0FE1-4ED5-A6B1-E91D10ED9F19}
	EndGlobalSection
EndGlobal
